<?xml version="1.0" encoding="utf-8"?>
<Project ToolsVersion="4.0" xmlns="http://schemas.microsoft.com/developer/msbuild/2003">
  <ItemGroup>
    <Filter Include="Source Files">
      <UniqueIdentifier>{4FC737F1-C7A5-4376-A066-2A32D752A2FF}</UniqueIdentifier>
      <Extensions>cpp;c;cc;cxx;def;odl;idl;hpj;bat;asm;asmx</Extensions>
    </Filter>
    <Filter Include="Header Files">
      <UniqueIdentifier>{93995380-89BD-4b04-88EB-625FBE52EBFB}</UniqueIdentifier>
      <Extensions>h;hh;hpp;hxx;hm;inl;inc;ipp;xsd</Extensions>
    </Filter>
    <Filter Include="Resource Files">
      <UniqueIdentifier>{67DA6AB6-F800-4c08-8B7A-83BB121AAD01}</UniqueIdentifier>
      <Extensions>rc;ico;cur;bmp;dlg;rc2;rct;bin;rgs;gif;jpg;jpeg;jpe;resx;tiff;tif;png;wav;mfcribbon-ms</Extensions>
    </Filter>
    <Filter Include="Header Files\Pieces">
      <UniqueIdentifier>{527e4359-c800-46e9-a45a-4dcbc81fe237}</UniqueIdentifier>
    </Filter>
    <Filter Include="Header Files\Board">
      <UniqueIdentifier>{e8a393ad-03c3-4bdb-8f06-f544f6679e06}</UniqueIdentifier>
    </Filter>
    <Filter Include="Header Files\Rules">
      <UniqueIdentifier>{641d3e9a-773a-46bd-9e67-9e9fe541be56}</UniqueIdentifier>
    </Filter>
    <Filter Include="Header Files\API">
      <UniqueIdentifier>{03d319f5-f424-40b5-aec4-3bd94997fc50}</UniqueIdentifier>
    </Filter>
    <Filter Include="Source Files\API">
      <UniqueIdentifier>{aced72e8-5c70-426b-8b1e-7e305da09388}</UniqueIdentifier>
    </Filter>
    <Filter Include="Header Files\Rules\Move Validation">
      <UniqueIdentifier>{6e4a4817-3ba8-44ce-85a4-a7f287d99d0e}</UniqueIdentifier>
    </Filter>
    <Filter Include="Header Files\Rules\Move Handlers">
      <UniqueIdentifier>{fe22c9fc-304a-42fa-9ede-d77ce4ed73d9}</UniqueIdentifier>
    </Filter>
    <Filter Include="Header Files\Rules\Move Validation\Logic Validators">
      <UniqueIdentifier>{5e1b266a-ef7b-4849-b148-f8ab63ea8b69}</UniqueIdentifier>
    </Filter>
    <Filter Include="Header Files\Rules\Specifications">
      <UniqueIdentifier>{b61302aa-4d43-436d-b1c2-851e6f8d2b5c}</UniqueIdentifier>
    </Filter>
    <Filter Include="Header Files\Rules\Filter">
      <UniqueIdentifier>{f3ad0aa9-20ce-4611-bde8-c244841d374e}</UniqueIdentifier>
    </Filter>
    <Filter Include="Header Files\Board Analyzer">
      <UniqueIdentifier>{cfb0ac98-3beb-4840-88fe-7e9ddba43ee2}</UniqueIdentifier>
    </Filter>
    <Filter Include="Header Files\Rules\Check Logic">
      <UniqueIdentifier>{b4076112-7753-4029-9668-743fe529bbd4}</UniqueIdentifier>
    </Filter>
    <Filter Include="Header Files\Rules\Players">
      <UniqueIdentifier>{ada4fc9a-33d4-45f8-b1c7-922c38545028}</UniqueIdentifier>
    </Filter>
    <Filter Include="Header Files\Parser">
      <UniqueIdentifier>{66116906-e308-4946-b23b-5bb365113e65}</UniqueIdentifier>
    </Filter>
    <Filter Include="Header Files\Rules\Move Set">
      <UniqueIdentifier>{0662b56b-d569-4a9f-926b-ffc443d379d5}</UniqueIdentifier>
    </Filter>
  </ItemGroup>
  <ItemGroup>
    <ClCompile Include="ChessEngine.cpp">
      <Filter>Source Files</Filter>
    </ClCompile>
    <ClCompile Include="CHESS_API_WRAPPER.cpp">
      <Filter>Source Files\API</Filter>
    </ClCompile>
    <ClCompile Include="Piece.cpp">
      <Filter>Source Files</Filter>
    </ClCompile>
  </ItemGroup>
  <ItemGroup>
    <ClInclude Include="Piece.h">
      <Filter>Header Files\Pieces</Filter>
    </ClInclude>
    <ClInclude Include="Knight.h">
      <Filter>Header Files\Pieces</Filter>
    </ClInclude>
    <ClInclude Include="Coordinate.h">
      <Filter>Header Files</Filter>
    </ClInclude>
    <ClInclude Include="Board.h">
      <Filter>Header Files\Board</Filter>
    </ClInclude>
    <ClInclude Include="IBoardPopulator.h">
      <Filter>Header Files\Board</Filter>
    </ClInclude>
    <ClInclude Include="DefaultBoardPopulator.h">
      <Filter>Header Files\Board</Filter>
    </ClInclude>
    <ClInclude Include="PieceCollection.h">
      <Filter>Header Files\Pieces</Filter>
    </ClInclude>
    <ClInclude Include="Pawn.h">
      <Filter>Header Files\Pieces</Filter>
    </ClInclude>
    <ClInclude Include="Bishop.h">
      <Filter>Header Files\Pieces</Filter>
    </ClInclude>
    <ClInclude Include="Rook.h">
      <Filter>Header Files\Pieces</Filter>
    </ClInclude>
    <ClInclude Include="Queen.h">
      <Filter>Header Files\Pieces</Filter>
    </ClInclude>
    <ClInclude Include="Direction.h">
      <Filter>Header Files</Filter>
    </ClInclude>
    <ClInclude Include="King.h">
      <Filter>Header Files\Pieces</Filter>
    </ClInclude>
    <ClInclude Include="CHESS_API.h">
      <Filter>Header Files\API</Filter>
    </ClInclude>
    <ClInclude Include="CHESS_API_WRAPPER.h">
      <Filter>Header Files\API</Filter>
    </ClInclude>
    <ClInclude Include="GameConstants.h">
      <Filter>Header Files\Rules</Filter>
    </ClInclude>
    <ClInclude Include="MoveValidationManager.h">
      <Filter>Header Files\Rules\Move Validation</Filter>
    </ClInclude>
    <ClInclude Include="IMoveValidator.h">
      <Filter>Header Files\Rules\Move Validation</Filter>
    </ClInclude>
    <ClInclude Include="EnPassantValidator.h">
      <Filter>Header Files\Rules\Move Validation\Logic Validators</Filter>
    </ClInclude>
    <ClInclude Include="FriendyFireValidatorh.h">
      <Filter>Header Files\Rules\Move Validation\Logic Validators</Filter>
    </ClInclude>
    <ClInclude Include="IMoveHandler.h">
      <Filter>Header Files\Rules\Move Handlers</Filter>
    </ClInclude>
    <ClInclude Include="DefaultMoveHandler.h">
      <Filter>Header Files\Rules\Move Handlers</Filter>
    </ClInclude>
    <ClInclude Include="ISpecification.h">
      <Filter>Header Files\Rules\Specifications</Filter>
    </ClInclude>
    <ClInclude Include="PieceTypeSpecification.h">
      <Filter>Header Files\Rules\Specifications</Filter>
    </ClInclude>
    <ClInclude Include="AndSpecification.h">
      <Filter>Header Files\Rules\Specifications</Filter>
    </ClInclude>
    <ClInclude Include="IFilter.h">
      <Filter>Header Files\Rules\Filter</Filter>
    </ClInclude>
    <ClInclude Include="PieceFilter.h">
      <Filter>Header Files\Rules\Filter</Filter>
    </ClInclude>
    <ClInclude Include="OtherPlayerTypeSpecification.h">
      <Filter>Header Files\Rules\Specifications</Filter>
    </ClInclude>
    <ClInclude Include="SamePlayerTypeSpecification.h">
      <Filter>Header Files\Rules\Specifications</Filter>
    </ClInclude>
    <ClInclude Include="TestingBoardPopulator.h">
      <Filter>Header Files\Board</Filter>
    </ClInclude>
    <ClInclude Include="IBoardAnalyzer.h">
      <Filter>Header Files\Board Analyzer</Filter>
    </ClInclude>
    <ClInclude Include="BoardAnalyzer.h">
      <Filter>Header Files\Board Analyzer</Filter>
    </ClInclude>
    <ClInclude Include="PieceCheckValidator.h">
      <Filter>Header Files\Rules\Move Validation\Logic Validators</Filter>
    </ClInclude>
    <ClInclude Include="PieceCheckDetector.h">
      <Filter>Header Files\Rules\Check Logic</Filter>
    </ClInclude>
    <ClInclude Include="IPieceCheckDetector.h">
      <Filter>Header Files\Rules\Check Logic</Filter>
    </ClInclude>
    <ClInclude Include="IPlayerSelector.h">
      <Filter>Header Files\Rules\Players</Filter>
    </ClInclude>
    <ClInclude Include="PlayerSelector.h">
      <Filter>Header Files\Rules\Players</Filter>
    </ClInclude>
    <ClInclude Include="Parser.h">
      <Filter>Header Files\Parser</Filter>
    </ClInclude>
    <ClInclude Include="IMoveSet.h">
      <Filter>Header Files\Rules\Move Set</Filter>
    </ClInclude>
    <ClInclude Include="MoveSetSingle.h">
      <Filter>Header Files\Rules\Move Set</Filter>
    </ClInclude>
    <ClInclude Include="MoveSetMultiple.h">
      <Filter>Header Files\Rules\Move Set</Filter>
    </ClInclude>
    <ClInclude Include="CastleCombination.h">
      <Filter>Header Files</Filter>
    </ClInclude>
    <ClInclude Include="ISpecialMove.h">
      <Filter>Header Files</Filter>
    </ClInclude>
  </ItemGroup>
</Project>